
Microsoft Visual Studio Solution File, Format Version 12.00
# Visual Studio Version 17
VisualStudioVersion = 17.1.32421.90
MinimumVisualStudioVersion = 10.0.40219.1
Project("{FAE04EC0-301F-11D3-BF4B-00C04F79EFBC}") = "WebApi_Assignment", "WebApi_Assignment.csproj", "{DD3B59BA-A949-4A87-A2BE-1D4F7F0561C6}"
EndProject
Global
	GlobalSection(SolutionConfigurationPlatforms) = preSolution
		Debug|Any CPU = Debug|Any CPU
		Release|Any CPU = Release|Any CPU
	EndGlobalSection
	GlobalSection(ProjectConfigurationPlatforms) = postSolution
		{DD3B59BA-A949-4A87-A2BE-1D4F7F0561C6}.Debug|Any CPU.ActiveCfg = Debug|Any CPU
		{DD3B59BA-A949-4A87-A2BE-1D4F7F0561C6}.Debug|Any CPU.Build.0 = Debug|Any CPU
		{DD3B59BA-A949-4A87-A2BE-1D4F7F0561C6}.Release|Any CPU.ActiveCfg = Release|Any CPU
		{DD3B59BA-A949-4A87-A2BE-1D4F7F0561C6}.Release|Any CPU.Build.0 = Release|Any CPU
	EndGlobalSection
	GlobalSection(SolutionProperties) = preSolution
		HideSolutionNode = FALSE
	EndGlobalSection
	GlobalSection(ExtensibilityGlobals) = postSolution
		SolutionGuid = {C056DCDA-969B-4936-A5CC-CB56C8557447}
	EndGlobalSection
EndGlobal
